
Microsoft Visual Studio Solution File, Format Version 12.00
# Visual Studio Version 16
VisualStudioVersion = 16.0.30413.136
MinimumVisualStudioVersion = 10.0.40219.1
Project("{FAE04EC0-301F-11D3-BF4B-00C04F79EFBC}") = "TesteAutomatizadoSelenium", "TesteAutomatizadoSelenium\TesteAutomatizadoSelenium.csproj", "{0FC980AE-F41D-4C29-B346-99A80D6135AB}"
EndProject
Global
	GlobalSection(SolutionConfigurationPlatforms) = preSolution
		Debug|Any CPU = Debug|Any CPU
		Release|Any CPU = Release|Any CPU
	EndGlobalSection
	GlobalSection(ProjectConfigurationPlatforms) = postSolution
		{0FC980AE-F41D-4C29-B346-99A80D6135AB}.Debug|Any CPU.ActiveCfg = Debug|Any CPU
		{0FC980AE-F41D-4C29-B346-99A80D6135AB}.Debug|Any CPU.Build.0 = Debug|Any CPU
		{0FC980AE-F41D-4C29-B346-99A80D6135AB}.Release|Any CPU.ActiveCfg = Release|Any CPU
		{0FC980AE-F41D-4C29-B346-99A80D6135AB}.Release|Any CPU.Build.0 = Release|Any CPU
	EndGlobalSection
	GlobalSection(SolutionProperties) = preSolution
		HideSolutionNode = FALSE
	EndGlobalSection
	GlobalSection(ExtensibilityGlobals) = postSolution
		SolutionGuid = {B21A728E-543A-4DFA-A5BF-4AC0DE2127D9}
	EndGlobalSection
EndGlobal
