
Microsoft Visual Studio Solution File, Format Version 12.00
# Visual Studio 15
VisualStudioVersion = 15.0.28307.1145
MinimumVisualStudioVersion = 10.0.40219.1
Project("{FAE04EC0-301F-11D3-BF4B-00C04F79EFBC}") = "TesteAutomatizadoSelenium", "TesteAutomatizadoSelenium\TesteAutomatizadoSelenium.csproj", "{0FC980AE-F41D-4C29-B346-99A80D6135AB}"
EndProject
Project("{2150E333-8FDC-42A3-9474-1A3956D46DE8}") = "Solution Items", "Solution Items", "{079B0D61-9732-4C17-8C7D-B9FEA27111F4}"
	ProjectSection(SolutionItems) = preProject
		Local.testsettings = Local.testsettings
	EndProjectSection
EndProject
Project("{FAE04EC0-301F-11D3-BF4B-00C04F79EFBC}") = "TesteDeCarga", "TesteDeCarga\TesteDeCarga.csproj", "{50CB6D34-1332-4618-A0F8-848C9BBD7B0A}"
EndProject
Global
	GlobalSection(SolutionConfigurationPlatforms) = preSolution
		Debug|Any CPU = Debug|Any CPU
		Release|Any CPU = Release|Any CPU
	EndGlobalSection
	GlobalSection(ProjectConfigurationPlatforms) = postSolution
		{0FC980AE-F41D-4C29-B346-99A80D6135AB}.Debug|Any CPU.ActiveCfg = Debug|Any CPU
		{0FC980AE-F41D-4C29-B346-99A80D6135AB}.Debug|Any CPU.Build.0 = Debug|Any CPU
		{0FC980AE-F41D-4C29-B346-99A80D6135AB}.Release|Any CPU.ActiveCfg = Release|Any CPU
		{0FC980AE-F41D-4C29-B346-99A80D6135AB}.Release|Any CPU.Build.0 = Release|Any CPU
		{50CB6D34-1332-4618-A0F8-848C9BBD7B0A}.Debug|Any CPU.ActiveCfg = Debug|Any CPU
		{50CB6D34-1332-4618-A0F8-848C9BBD7B0A}.Debug|Any CPU.Build.0 = Debug|Any CPU
		{50CB6D34-1332-4618-A0F8-848C9BBD7B0A}.Release|Any CPU.ActiveCfg = Release|Any CPU
		{50CB6D34-1332-4618-A0F8-848C9BBD7B0A}.Release|Any CPU.Build.0 = Release|Any CPU
	EndGlobalSection
	GlobalSection(SolutionProperties) = preSolution
		HideSolutionNode = FALSE
	EndGlobalSection
	GlobalSection(ExtensibilityGlobals) = postSolution
		SolutionGuid = {B21A728E-543A-4DFA-A5BF-4AC0DE2127D9}
	EndGlobalSection
EndGlobal
